
Microsoft Visual Studio Solution File, Format Version 12.00
# Visual Studio Version 17
VisualStudioVersion = 17.3.32825.248
MinimumVisualStudioVersion = 10.0.40219.1
Project("{FAE04EC0-301F-11D3-BF4B-00C04F79EFBC}") = "29.10", "29.10\29.10.csproj", "{AD1671DE-EAB4-493C-A36F-562061A359F2}"
EndProject
Project("{2150E333-8FDC-42A3-9474-1A3956D46DE8}") = "Новая папка1", "Новая папка1", "{A6A477B5-51BB-44CD-8BA3-334EB3EC9D64}"
EndProject
Project("{FAE04EC0-301F-11D3-BF4B-00C04F79EFBC}") = "Tumakov", "Tumakov\Tumakov.csproj", "{FE1E37BF-747E-4832-B83C-122BF4AF7A92}"
EndProject
Global
	GlobalSection(SolutionConfigurationPlatforms) = preSolution
		Debug|Any CPU = Debug|Any CPU
		Release|Any CPU = Release|Any CPU
	EndGlobalSection
	GlobalSection(ProjectConfigurationPlatforms) = postSolution
		{AD1671DE-EAB4-493C-A36F-562061A359F2}.Debug|Any CPU.ActiveCfg = Debug|Any CPU
		{AD1671DE-EAB4-493C-A36F-562061A359F2}.Debug|Any CPU.Build.0 = Debug|Any CPU
		{AD1671DE-EAB4-493C-A36F-562061A359F2}.Release|Any CPU.ActiveCfg = Release|Any CPU
		{AD1671DE-EAB4-493C-A36F-562061A359F2}.Release|Any CPU.Build.0 = Release|Any CPU
		{FE1E37BF-747E-4832-B83C-122BF4AF7A92}.Debug|Any CPU.ActiveCfg = Debug|Any CPU
		{FE1E37BF-747E-4832-B83C-122BF4AF7A92}.Debug|Any CPU.Build.0 = Debug|Any CPU
		{FE1E37BF-747E-4832-B83C-122BF4AF7A92}.Release|Any CPU.ActiveCfg = Release|Any CPU
		{FE1E37BF-747E-4832-B83C-122BF4AF7A92}.Release|Any CPU.Build.0 = Release|Any CPU
	EndGlobalSection
	GlobalSection(SolutionProperties) = preSolution
		HideSolutionNode = FALSE
	EndGlobalSection
	GlobalSection(ExtensibilityGlobals) = postSolution
		SolutionGuid = {0C20EF59-BC96-498C-838D-B1F834073891}
	EndGlobalSection
EndGlobal
